{
    "hash": "fa7b924dbbc79a0e00844e15d5ec2bfe",
    "packages": [
        {
            "package": "kriswallsmith/buzz",
            "version": "dev-master",
            "source-reference": "5c7d0523501f02c766166b08ac98613bde0254b5"
        },
        {
            "package": "pimple/pimple",
            "version": "dev-master",
            "source-reference": "v1.0.0"
        },
        {
            "package": "pimple/pimple",
            "version": "dev-master",
            "alias-pretty-version": "1.0.x-dev",
            "alias-version": "1.0.9999999.9999999-dev"
        },
        {
            "package": "sensiolabs/connect",
            "version": "dev-master",
            "source-reference": "ee95cb5958a7a656e80143046ee64b469641c155"
        },
        {
            "package": "silex/silex",
            "version": "dev-master",
            "source-reference": "8b7796f94154e0cb51db3733e4262de50114c121"
        },
        {
            "package": "silex/silex",
            "version": "dev-master",
            "alias-pretty-version": "1.0.x-dev",
            "alias-version": "1.0.9999999.9999999-dev"
        },
        {
            "package": "symfony/event-dispatcher",
            "version": "dev-master",
            "alias-pretty-version": "2.1.x-dev",
            "alias-version": "2.1.9999999.9999999-dev"
        },
        {
            "package": "symfony/event-dispatcher",
            "version": "dev-master",
            "source-reference": "30d3f5da80c2aeab15bcdb5a7d448d15bc294b23"
        },
        {
            "package": "symfony/http-foundation",
            "version": "dev-master",
            "source-reference": "d9ef2afd0218415a8c04ea48a2c83bb5b8f0f51c"
        },
        {
            "package": "symfony/http-foundation",
            "version": "dev-master",
            "alias-pretty-version": "2.1.x-dev",
            "alias-version": "2.1.9999999.9999999-dev"
        },
        {
            "package": "symfony/http-kernel",
            "version": "dev-master",
            "alias-pretty-version": "2.1.x-dev",
            "alias-version": "2.1.9999999.9999999-dev"
        },
        {
            "package": "symfony/http-kernel",
            "version": "dev-master",
            "source-reference": "a9dbd268659d19eabcc8285ca4622b232f55aa91"
        },
        {
            "package": "symfony/routing",
            "version": "dev-master",
            "source-reference": "1d5a64f26588d63e3a1235a6ade0d54ae4ab3381"
        },
        {
            "package": "symfony/routing",
            "version": "dev-master",
            "alias-pretty-version": "2.1.x-dev",
            "alias-version": "2.1.9999999.9999999-dev"
        },
        {
            "package": "twig/twig",
            "version": "1.6.0"
        }
    ],
    "packages-dev": null,
    "aliases": [

    ],
    "minimum-stability": "dev",
    "stability-flags": {
        "sensiolabs/connect": 20
    }
}
